// !$*UTF8*$!
{
	archiveVersion = 1;
	classes = {
	};
	objectVersion = 46;
	objects = {

/* Begin PBXBuildFile section */
		C303BBFA1E362A6400B01B4D /* AppDelegate.swift in Sources */ = {isa = PBXBuildFile; fileRef = C303BBF91E362A6400B01B4D /* AppDelegate.swift */; };
		C303BBFC1E362A6400B01B4D /* ViewController.swift in Sources */ = {isa = PBXBuildFile; fileRef = C303BBFB1E362A6400B01B4D /* ViewController.swift */; };
		C303BBFF1E362A6400B01B4D /* Main.storyboard in Resources */ = {isa = PBXBuildFile; fileRef = C303BBFD1E362A6400B01B4D /* Main.storyboard */; };
		C303BC011E362A6400B01B4D /* Assets.xcassets in Resources */ = {isa = PBXBuildFile; fileRef = C303BC001E362A6400B01B4D /* Assets.xcassets */; };
		C303BC041E362A6400B01B4D /* LaunchScreen.storyboard in Resources */ = {isa = PBXBuildFile; fileRef = C303BC021E362A6400B01B4D /* LaunchScreen.storyboard */; };
/* End PBXBuildFile section */

/* Begin PBXFileReference section */
		C303BBF61E362A6400B01B4D /* SwiftSearch.app */ = {isa = PBXFileReference; explicitFileType = wrapper.application; includeInIndex = 0; path = SwiftSearch.app; sourceTree = BUILT_PRODUCTS_DIR; };
		C303BBF91E362A6400B01B4D /* AppDelegate.swift */ = {isa = PBXFileReference; lastKnownFileType = sourcecode.swift; path = AppDelegate.swift; sourceTree = "<group>"; };
		C303BBFB1E362A6400B01B4D /* ViewController.swift */ = {isa = PBXFileReference; lastKnownFileType = sourcecode.swift; path = ViewController.swift; sourceTree = "<group>"; };
		C303BBFE1E362A6400B01B4D /* Base */ = {isa = PBXFileReference; lastKnownFileType = file.storyboard; name = Base; path = Base.lproj/Main.storyboard; sourceTree = "<group>"; };
		C303BC001E362A6400B01B4D /* Assets.xcassets */ = {isa = PBXFileReference; lastKnownFileType = folder.assetcatalog; path = Assets.xcassets; sourceTree = "<group>"; };
		C303BC031E362A6400B01B4D /* Base */ = {isa = PBXFileReference; lastKnownFileType = file.storyboard; name = Base; path = Base.lproj/LaunchScreen.storyboard; sourceTree = "<group>"; };
		C303BC051E362A6400B01B4D /* Info.plist */ = {isa = PBXFileReference; lastKnownFileType = text.plist.xml; path = Info.plist; sourceTree = "<group>"; };
/* End PBXFileReference section */

/* Begin PBXFrameworksBuildPhase section */
		C303BBF31E362A6400B01B4D /* Frameworks */ = {
			isa = PBXFrameworksBuildPhase;
			buildActionMask = 2147483647;
			files = (
			);
			runOnlyForDeploymentPostprocessing = 0;
		};
/* End PBXFrameworksBuildPhase section */

/* Begin PBXGroup section */
		C303BBED1E362A6400B01B4D = {
			isa = PBXGroup;
			children = (
				C303BBF81E362A6400B01B4D /* SwiftSearch */,
				C303BBF71E362A6400B01B4D /* Products */,
			);
			sourceTree = "<group>";
		};
		C303BBF71E362A6400B01B4D /* Products */ = {
			isa = PBXGroup;
			children = (
				C303BBF61E362A6400B01B4D /* SwiftSearch.app */,
			);
			name = Products;
			sourceTree = "<group>";
		};
		C303BBF81E362A6400B01B4D /* SwiftSearch */ = {
			isa = PBXGroup;
			children = (
				C303BBF91E362A6400B01B4D /* AppDelegate.swift */,
				C303BBFB1E362A6400B01B4D /* ViewController.swift */,
				C303BBFD1E362A6400B01B4D /* Main.storyboard */,
				C303BC001E362A6400B01B4D /* Assets.xcassets */,
				C303BC021E362A6400B01B4D /* LaunchScreen.storyboard */,
				C303BC051E362A6400B01B4D /* Info.plist */,
			);
			path = SwiftSearch;
			sourceTree = "<group>";
		};
/* End PBXGroup section */

/* Begin PBXNativeTarget section */
		C303BBF51E362A6400B01B4D /* SwiftSearch */ = {
			isa = PBXNativeTarget;
			buildConfigurationList = C303BC081E362A6400B01B4D /* Build configuration list for PBXNativeTarget "SwiftSearch" */;
			buildPhases = (
				C303BBF21E362A6400B01B4D /* Sources */,
				C303BBF31E362A6400B01B4D /* Frameworks */,
				C303BBF41E362A6400B01B4D /* Resources */,
			);
			buildRules = (
			);
			dependencies = (
			);
			name = SwiftSearch;
			productName = SwiftSearch;
			productReference = C303BBF61E362A6400B01B4D /* SwiftSearch.app */;
			productType = "com.apple.product-type.application";
		};
/* End PBXNativeTarget section */

/* Begin PBXProject section */
		C303BBEE1E362A6400B01B4D /* Project object */ = {
			isa = PBXProject;
			attributes = {
				LastSwiftUpdateCheck = 0820;
				LastUpgradeCheck = 0820;
				ORGANIZATIONNAME = "Bernhard Goetzendorfer";
				TargetAttributes = {
					C303BBF51E362A6400B01B4D = {
						CreatedOnToolsVersion = 8.2.1;
						DevelopmentTeam = 66XULV6KX4;
						ProvisioningStyle = Automatic;
					};
				};
			};
			buildConfigurationList = C303BBF11E362A6400B01B4D /* Build configuration list for PBXProject "SwiftSearch" */;
			compatibilityVersion = "Xcode 3.2";
			developmentRegion = English;
			hasScannedForEncodings = 0;
			knownRegions = (
				en,
				Base,
			);
			mainGroup = C303BBED1E362A6400B01B4D;
			productRefGroup = C303BBF71E362A6400B01B4D /* Products */;
			projectDirPath = "";
			projectRoot = "";
			targets = (
				C303BBF51E362A6400B01B4D /* SwiftSearch */,
			);
		};
/* End PBXProject section */

/* Begin PBXResourcesBuildPhase section */
		C303BBF41E362A6400B01B4D /* Resources */ = {
			isa = PBXResourcesBuildPhase;
			buildActionMask = 2147483647;
			files = (
				C303BC041E362A6400B01B4D /* LaunchScreen.storyboard in Resources */,
				C303BC011E362A6400B01B4D /* Assets.xcassets in Resources */,
				C303BBFF1E362A6400B01B4D /* Main.storyboard in Resources */,
			);
			runOnlyForDeploymentPostprocessing = 0;
		};
/* End PBXResourcesBuildPhase section */

/* Begin PBXSourcesBuildPhase section */
		C303BBF21E362A6400B01B4D /* Sources */ = {
			isa = PBXSourcesBuildPhase;
			buildActionMask = 2147483647;
			files = (
				C303BBFC1E362A6400B01B4D /* ViewController.swift in Sources */,
				C303BBFA1E362A6400B01B4D /* AppDelegate.swift in Sources */,
			);
			runOnlyForDeploymentPostprocessing = 0;
		};
/* End PBXSourcesBuildPhase section */

/* Begin PBXVariantGroup section */
		C303BBFD1E362A6400B01B4D /* Main.storyboard */ = {
			isa = PBXVariantGroup;
			children = (
				C303BBFE1E362A6400B01B4D /* Base */,
			);
			name = Main.storyboard;
			sourceTree = "<group>";
		};
		C303BC021E362A6400B01B4D /* LaunchScreen.storyboard */ = {
			isa = PBXVariantGroup;
			children = (
				C303BC031E362A6400B01B4D /* Base */,
			);
			name = LaunchScreen.storyboard;
			sourceTree = "<group>";
		};
/* End PBXVariantGroup section */

/* Begin XCBuildConfiguration section */
		C303BC061E362A6400B01B4D /* Debug */ = {
			isa = XCBuildConfiguration;
			buildSettings = {
				ALWAYS_SEARCH_USER_PATHS = NO;
				CLANG_ANALYZER_NONNULL = YES;
				CLANG_CXX_LANGUAGE_STANDARD = "gnu++0x";
				CLANG_CXX_LIBRARY = "libc++";
				CLANG_ENABLE_MODULES = YES;
				CLANG_ENABLE_OBJC_ARC = YES;
				CLANG_WARN_BOOL_CONVERSION = YES;
				CLANG_WARN_CONSTANT_CONVERSION = YES;
				CLANG_WARN_DIRECT_OBJC_ISA_USAGE = YES_ERROR;
				CLANG_WARN_DOCUMENTATION_COMMENTS = YES;
				CLANG_WARN_EMPTY_BODY = YES;
				CLANG_WARN_ENUM_CONVERSION = YES;
				CLANG_WARN_INFINITE_RECURSION = YES;
				CLANG_WARN_INT_CONVERSION = YES;
				CLANG_WARN_OBJC_ROOT_CLASS = YES_ERROR;
				CLANG_WARN_SUSPICIOUS_MOVE = YES;
				CLANG_WARN_UNREACHABLE_CODE = YES;
				CLANG_WARN__DUPLICATE_METHOD_MATCH = YES;
				"CODE_SIGN_IDENTITY[sdk=iphoneos*]" = "iPhone Developer";
				COPY_PHASE_STRIP = NO;
				DEBUG_INFORMATION_FORMAT = dwarf;
				ENABLE_STRICT_OBJC_MSGSEND = YES;
				ENABLE_TESTABILITY = YES;
				GCC_C_LANGUAGE_STANDARD = gnu99;
				GCC_DYNAMIC_NO_PIC = NO;
				GCC_NO_COMMON_BLOCKS = YES;
				GCC_OPTIMIZATION_LEVEL = 0;
				GCC_PREPROCESSOR_DEFINITIONS = (
					"DEBUG=1",
					"$(inherited)",
				);
				GCC_WARN_64_TO_32_BIT_CONVERSION = YES;
				GCC_WARN_ABOUT_RETURN_TYPE = YES_ERROR;
				GCC_WARN_UNDECLARED_SELECTOR = YES;
				GCC_WARN_UNINITIALIZED_AUTOS = YES_AGGRESSIVE;
				GCC_WARN_UNUSED_FUNCTION = YES;
				GCC_WARN_UNUSED_VARIABLE = YES;
				IPHONEOS_DEPLOYMENT_TARGET = 10.2;
				MTL_ENABLE_DEBUG_INFO = YES;
				ONLY_ACTIVE_ARCH = YES;
				SDKROOT = iphoneos;
				SWIFT_ACTIVE_COMPILATION_CONDITIONS = DEBUG;
				SWIFT_OPTIMIZATION_LEVEL = "-Onone";
			};
			name = Debug;
		};
		C303BC071E362A6400B01B4D /* Release */ = {
			isa = XCBuildConfiguration;
			buildSettings = {
				ALWAYS_SEARCH_USER_PATHS = NO;
				CLANG_ANALYZER_NONNULL = YES;
				CLANG_CXX_LANGUAGE_STANDARD = "gnu++0x";
				CLANG_CXX_LIBRARY = "libc++";
				CLANG_ENABLE_MODULES = YES;
				CLANG_ENABLE_OBJC_ARC = YES;
				CLANG_WARN_BOOL_CONVERSION = YES;
				CLANG_WARN_CONSTANT_CONVERSION = YES;
				CLANG_WARN_DIRECT_OBJC_ISA_USAGE = YES_ERROR;
				CLANG_WARN_DOCUMENTATION_COMMENTS = YES;
				CLANG_WARN_EMPTY_BODY = YES;
				CLANG_WARN_ENUM_CONVERSION = YES;
				CLANG_WARN_INFINITE_RECURSION = YES;
				CLANG_WARN_INT_CONVERSION = YES;
				CLANG_WARN_OBJC_ROOT_CLASS = YES_ERROR;
				CLANG_WARN_SUSPICIOUS_MOVE = YES;
				CLANG_WARN_UNREACHABLE_CODE = YES;
				CLANG_WARN__DUPLICATE_METHOD_MATCH = YES;
				"CODE_SIGN_IDENTITY[sdk=iphoneos*]" = "iPhone Developer";
				COPY_PHASE_STRIP = NO;
				DEBUG_INFORMATION_FORMAT = "dwarf-with-dsym";
				ENABLE_NS_ASSERTIONS = NO;
				ENABLE_STRICT_OBJC_MSGSEND = YES;
				GCC_C_LANGUAGE_STANDARD = gnu99;
				GCC_NO_COMMON_BLOCKS = YES;
				GCC_WARN_64_TO_32_BIT_CONVERSION = YES;
				GCC_WARN_ABOUT_RETURN_TYPE = YES_ERROR;
				GCC_WARN_UNDECLARED_SELECTOR = YES;
				GCC_WARN_UNINITIALIZED_AUTOS = YES_AGGRESSIVE;
				GCC_WARN_UNUSED_FUNCTION = YES;
				GCC_WARN_UNUSED_VARIABLE = YES;
				IPHONEOS_DEPLOYMENT_TARGET = 10.2;
				MTL_ENABLE_DEBUG_INFO = NO;
				SDKROOT = iphoneos;
				SWIFT_OPTIMIZATION_LEVEL = "-Owholemodule";
				VALIDATE_PRODUCT = YES;
			};
			name = Release;
		};
		C303BC091E362A6400B01B4D /* Debug */ = {
			isa = XCBuildConfiguration;
			buildSettings = {
				ASSETCATALOG_COMPILER_APPICON_NAME = AppIcon;
				DEVELOPMENT_TEAM = 66XULV6KX4;
				INFOPLIST_FILE = SwiftSearch/Info.plist;
				LD_RUNPATH_SEARCH_PATHS = "$(inherited) @executable_path/Frameworks";
				PRODUCT_BUNDLE_IDENTIFIER = bernhardgoetzendorfer.SwiftSearch;
				PRODUCT_NAME = "$(TARGET_NAME)";
				SWIFT_VERSION = 3.0;
			};
			name = Debug;
		};
		C303BC0A1E362A6400B01B4D /* Release */ = {
			isa = XCBuildConfiguration;
			buildSettings = {
				ASSETCATALOG_COMPILER_APPICON_NAME = AppIcon;
				DEVELOPMENT_TEAM = 66XULV6KX4;
				INFOPLIST_FILE = SwiftSearch/Info.plist;
				LD_RUNPATH_SEARCH_PATHS = "$(inherited) @executable_path/Frameworks";
				PRODUCT_BUNDLE_IDENTIFIER = bernhardgoetzendorfer.SwiftSearch;
				PRODUCT_NAME = "$(TARGET_NAME)";
				SWIFT_VERSION = 3.0;
			};
			name = Release;
		};
/* End XCBuildConfiguration section */

/* Begin XCConfigurationList section */
		C303BBF11E362A6400B01B4D /* Build configuration list for PBXProject "SwiftSearch" */ = {
			isa = XCConfigurationList;
			buildConfigurations = (
				C303BC061E362A6400B01B4D /* Debug */,
				C303BC071E362A6400B01B4D /* Release */,
			);
			defaultConfigurationIsVisible = 0;
			defaultConfigurationName = Release;
		};
		C303BC081E362A6400B01B4D /* Build configuration list for PBXNativeTarget "SwiftSearch" */ = {
			isa = XCConfigurationList;
			buildConfigurations = (
				C303BC091E362A6400B01B4D /* Debug */,
				C303BC0A1E362A6400B01B4D /* Release */,
			);
			defaultConfigurationIsVisible = 0;
		};
/* End XCConfigurationList section */
	};
	rootObject = C303BBEE1E362A6400B01B4D /* Project object */;
}
